// !$*UTF8*$!
{
	archiveVersion = 1;
	classes = {
	};
	objectVersion = 55;
	objects = {

/* Begin PBXBuildFile section */
		87202F6D28049A7C005D63E3 /* OnboardingViewController.swift in Sources */ = {isa = PBXBuildFile; fileRef = 87202F6C28049A7C005D63E3 /* OnboardingViewController.swift */; };
		87202F6F28049AC6005D63E3 /* OnboardingView.swift in Sources */ = {isa = PBXBuildFile; fileRef = 87202F6E28049AC6005D63E3 /* OnboardingView.swift */; };
		87202F7228049B19005D63E3 /* ViewConfiguration.swift in Sources */ = {isa = PBXBuildFile; fileRef = 87202F7128049B19005D63E3 /* ViewConfiguration.swift */; };
		87202F762804A4D2005D63E3 /* OnboardingSlide.swift in Sources */ = {isa = PBXBuildFile; fileRef = 87202F752804A4D2005D63E3 /* OnboardingSlide.swift */; };
		87202F782804A61E005D63E3 /* OnboardingCollectionViewTemplate.swift in Sources */ = {isa = PBXBuildFile; fileRef = 87202F772804A61E005D63E3 /* OnboardingCollectionViewTemplate.swift */; };
		87FE477F2804578C00A28D06 /* AppDelegate.swift in Sources */ = {isa = PBXBuildFile; fileRef = 87FE477E2804578C00A28D06 /* AppDelegate.swift */; };
		87FE47812804578C00A28D06 /* SceneDelegate.swift in Sources */ = {isa = PBXBuildFile; fileRef = 87FE47802804578C00A28D06 /* SceneDelegate.swift */; };
		87FE47832804578C00A28D06 /* HomeViewController.swift in Sources */ = {isa = PBXBuildFile; fileRef = 87FE47822804578C00A28D06 /* HomeViewController.swift */; };
		87FE47882804578E00A28D06 /* Assets.xcassets in Resources */ = {isa = PBXBuildFile; fileRef = 87FE47872804578E00A28D06 /* Assets.xcassets */; };
		87FE478B2804578E00A28D06 /* LaunchScreen.storyboard in Resources */ = {isa = PBXBuildFile; fileRef = 87FE47892804578E00A28D06 /* LaunchScreen.storyboard */; };
		87FE47962804578E00A28D06 /* YummieTests.swift in Sources */ = {isa = PBXBuildFile; fileRef = 87FE47952804578E00A28D06 /* YummieTests.swift */; };
		87FE47A02804578E00A28D06 /* YummieUITests.swift in Sources */ = {isa = PBXBuildFile; fileRef = 87FE479F2804578E00A28D06 /* YummieUITests.swift */; };
		87FE47A22804578E00A28D06 /* YummieUITestsLaunchTests.swift in Sources */ = {isa = PBXBuildFile; fileRef = 87FE47A12804578E00A28D06 /* YummieUITestsLaunchTests.swift */; };
		87FE47B528045B2900A28D06 /* HomeView.swift in Sources */ = {isa = PBXBuildFile; fileRef = 87FE47B428045B2900A28D06 /* HomeView.swift */; };
/* End PBXBuildFile section */

/* Begin PBXContainerItemProxy section */
		87FE47922804578E00A28D06 /* PBXContainerItemProxy */ = {
			isa = PBXContainerItemProxy;
			containerPortal = 87FE47732804578C00A28D06 /* Project object */;
			proxyType = 1;
			remoteGlobalIDString = 87FE477A2804578C00A28D06;
			remoteInfo = Yummie;
		};
		87FE479C2804578E00A28D06 /* PBXContainerItemProxy */ = {
			isa = PBXContainerItemProxy;
			containerPortal = 87FE47732804578C00A28D06 /* Project object */;
			proxyType = 1;
			remoteGlobalIDString = 87FE477A2804578C00A28D06;
			remoteInfo = Yummie;
		};
/* End PBXContainerItemProxy section */

/* Begin PBXFileReference section */
		87202F6C28049A7C005D63E3 /* OnboardingViewController.swift */ = {isa = PBXFileReference; lastKnownFileType = sourcecode.swift; path = OnboardingViewController.swift; sourceTree = "<group>"; };
		87202F6E28049AC6005D63E3 /* OnboardingView.swift */ = {isa = PBXFileReference; lastKnownFileType = sourcecode.swift; path = OnboardingView.swift; sourceTree = "<group>"; };
		87202F7128049B19005D63E3 /* ViewConfiguration.swift */ = {isa = PBXFileReference; lastKnownFileType = sourcecode.swift; path = ViewConfiguration.swift; sourceTree = "<group>"; };
		87202F752804A4D2005D63E3 /* OnboardingSlide.swift */ = {isa = PBXFileReference; lastKnownFileType = sourcecode.swift; path = OnboardingSlide.swift; sourceTree = "<group>"; };
		87202F772804A61E005D63E3 /* OnboardingCollectionViewTemplate.swift */ = {isa = PBXFileReference; lastKnownFileType = sourcecode.swift; path = OnboardingCollectionViewTemplate.swift; sourceTree = "<group>"; };
		87FE477B2804578C00A28D06 /* Yummie.app */ = {isa = PBXFileReference; explicitFileType = wrapper.application; includeInIndex = 0; path = Yummie.app; sourceTree = BUILT_PRODUCTS_DIR; };
		87FE477E2804578C00A28D06 /* AppDelegate.swift */ = {isa = PBXFileReference; lastKnownFileType = sourcecode.swift; path = AppDelegate.swift; sourceTree = "<group>"; };
		87FE47802804578C00A28D06 /* SceneDelegate.swift */ = {isa = PBXFileReference; lastKnownFileType = sourcecode.swift; path = SceneDelegate.swift; sourceTree = "<group>"; };
		87FE47822804578C00A28D06 /* HomeViewController.swift */ = {isa = PBXFileReference; lastKnownFileType = sourcecode.swift; path = HomeViewController.swift; sourceTree = "<group>"; };
		87FE47872804578E00A28D06 /* Assets.xcassets */ = {isa = PBXFileReference; lastKnownFileType = folder.assetcatalog; path = Assets.xcassets; sourceTree = "<group>"; };
		87FE478A2804578E00A28D06 /* Base */ = {isa = PBXFileReference; lastKnownFileType = file.storyboard; name = Base; path = Base.lproj/LaunchScreen.storyboard; sourceTree = "<group>"; };
		87FE478C2804578E00A28D06 /* Info.plist */ = {isa = PBXFileReference; lastKnownFileType = text.plist.xml; path = Info.plist; sourceTree = "<group>"; };
		87FE47912804578E00A28D06 /* YummieTests.xctest */ = {isa = PBXFileReference; explicitFileType = wrapper.cfbundle; includeInIndex = 0; path = YummieTests.xctest; sourceTree = BUILT_PRODUCTS_DIR; };
		87FE47952804578E00A28D06 /* YummieTests.swift */ = {isa = PBXFileReference; lastKnownFileType = sourcecode.swift; path = YummieTests.swift; sourceTree = "<group>"; };
		87FE479B2804578E00A28D06 /* YummieUITests.xctest */ = {isa = PBXFileReference; explicitFileType = wrapper.cfbundle; includeInIndex = 0; path = YummieUITests.xctest; sourceTree = BUILT_PRODUCTS_DIR; };
		87FE479F2804578E00A28D06 /* YummieUITests.swift */ = {isa = PBXFileReference; lastKnownFileType = sourcecode.swift; path = YummieUITests.swift; sourceTree = "<group>"; };
		87FE47A12804578E00A28D06 /* YummieUITestsLaunchTests.swift */ = {isa = PBXFileReference; lastKnownFileType = sourcecode.swift; path = YummieUITestsLaunchTests.swift; sourceTree = "<group>"; };
		87FE47B428045B2900A28D06 /* HomeView.swift */ = {isa = PBXFileReference; lastKnownFileType = sourcecode.swift; path = HomeView.swift; sourceTree = "<group>"; };
/* End PBXFileReference section */

/* Begin PBXFrameworksBuildPhase section */
		87FE47782804578C00A28D06 /* Frameworks */ = {
			isa = PBXFrameworksBuildPhase;
			buildActionMask = 2147483647;
			files = (
			);
			runOnlyForDeploymentPostprocessing = 0;
		};
		87FE478E2804578E00A28D06 /* Frameworks */ = {
			isa = PBXFrameworksBuildPhase;
			buildActionMask = 2147483647;
			files = (
			);
			runOnlyForDeploymentPostprocessing = 0;
		};
		87FE47982804578E00A28D06 /* Frameworks */ = {
			isa = PBXFrameworksBuildPhase;
			buildActionMask = 2147483647;
			files = (
			);
			runOnlyForDeploymentPostprocessing = 0;
		};
/* End PBXFrameworksBuildPhase section */

/* Begin PBXGroup section */
		87202F6A28049A59005D63E3 /* Onboarding */ = {
			isa = PBXGroup;
			children = (
				87202F6C28049A7C005D63E3 /* OnboardingViewController.swift */,
				87202F6E28049AC6005D63E3 /* OnboardingView.swift */,
				87202F772804A61E005D63E3 /* OnboardingCollectionViewTemplate.swift */,
			);
			path = Onboarding;
			sourceTree = "<group>";
		};
		87202F6B28049A66005D63E3 /* Home */ = {
			isa = PBXGroup;
			children = (
				87FE47B428045B2900A28D06 /* HomeView.swift */,
				87FE47822804578C00A28D06 /* HomeViewController.swift */,
			);
			path = Home;
			sourceTree = "<group>";
		};
		87202F7028049B0F005D63E3 /* Extensions */ = {
			isa = PBXGroup;
			children = (
				87202F7128049B19005D63E3 /* ViewConfiguration.swift */,
			);
			path = Extensions;
			sourceTree = "<group>";
		};
		87FE47722804578C00A28D06 = {
			isa = PBXGroup;
			children = (
				87FE477D2804578C00A28D06 /* Yummie */,
				87FE477C2804578C00A28D06 /* Products */,
			);
			sourceTree = "<group>";
		};
		87FE477C2804578C00A28D06 /* Products */ = {
			isa = PBXGroup;
			children = (
				87FE477B2804578C00A28D06 /* Yummie.app */,
				87FE47912804578E00A28D06 /* YummieTests.xctest */,
				87FE479B2804578E00A28D06 /* YummieUITests.xctest */,
			);
			name = Products;
			sourceTree = "<group>";
		};
		87FE477D2804578C00A28D06 /* Yummie */ = {
			isa = PBXGroup;
			children = (
				87202F7028049B0F005D63E3 /* Extensions */,
				87FE47B1280457A000A28D06 /* Delegate */,
				87FE47AE2804579400A28D06 /* Scenes */,
				87FE47B02804579A00A28D06 /* Model */,
				87FE47942804578E00A28D06 /* YummieTests */,
				87FE479E2804578E00A28D06 /* YummieUITests */,
				87FE47872804578E00A28D06 /* Assets.xcassets */,
				87FE47892804578E00A28D06 /* LaunchScreen.storyboard */,
				87FE478C2804578E00A28D06 /* Info.plist */,
			);
			path = Yummie;
			sourceTree = "<group>";
		};
		87FE47942804578E00A28D06 /* YummieTests */ = {
			isa = PBXGroup;
			children = (
				87FE47952804578E00A28D06 /* YummieTests.swift */,
			);
			path = YummieTests;
			sourceTree = "<group>";
		};
		87FE479E2804578E00A28D06 /* YummieUITests */ = {
			isa = PBXGroup;
			children = (
				87FE479F2804578E00A28D06 /* YummieUITests.swift */,
				87FE47A12804578E00A28D06 /* YummieUITestsLaunchTests.swift */,
			);
			path = YummieUITests;
			sourceTree = "<group>";
		};
		87FE47AE2804579400A28D06 /* Scenes */ = {
			isa = PBXGroup;
			children = (
				87202F6B28049A66005D63E3 /* Home */,
				87202F6A28049A59005D63E3 /* Onboarding */,
			);
			path = Scenes;
			sourceTree = "<group>";
		};
		87FE47B02804579A00A28D06 /* Model */ = {
			isa = PBXGroup;
			children = (
				87202F752804A4D2005D63E3 /* OnboardingSlide.swift */,
			);
			path = Model;
			sourceTree = "<group>";
		};
		87FE47B1280457A000A28D06 /* Delegate */ = {
			isa = PBXGroup;
			children = (
				87FE477E2804578C00A28D06 /* AppDelegate.swift */,
				87FE47802804578C00A28D06 /* SceneDelegate.swift */,
			);
			path = Delegate;
			sourceTree = "<group>";
		};
/* End PBXGroup section */

/* Begin PBXNativeTarget section */
		87FE477A2804578C00A28D06 /* Yummie */ = {
			isa = PBXNativeTarget;
			buildConfigurationList = 87FE47A52804578E00A28D06 /* Build configuration list for PBXNativeTarget "Yummie" */;
			buildPhases = (
				87FE47772804578C00A28D06 /* Sources */,
				87FE47782804578C00A28D06 /* Frameworks */,
				87FE47792804578C00A28D06 /* Resources */,
			);
			buildRules = (
			);
			dependencies = (
			);
			name = Yummie;
			productName = Yummie;
			productReference = 87FE477B2804578C00A28D06 /* Yummie.app */;
			productType = "com.apple.product-type.application";
		};
		87FE47902804578E00A28D06 /* YummieTests */ = {
			isa = PBXNativeTarget;
			buildConfigurationList = 87FE47A82804578E00A28D06 /* Build configuration list for PBXNativeTarget "YummieTests" */;
			buildPhases = (
				87FE478D2804578E00A28D06 /* Sources */,
				87FE478E2804578E00A28D06 /* Frameworks */,
				87FE478F2804578E00A28D06 /* Resources */,
			);
			buildRules = (
			);
			dependencies = (
				87FE47932804578E00A28D06 /* PBXTargetDependency */,
			);
			name = YummieTests;
			productName = YummieTests;
			productReference = 87FE47912804578E00A28D06 /* YummieTests.xctest */;
			productType = "com.apple.product-type.bundle.unit-test";
		};
		87FE479A2804578E00A28D06 /* YummieUITests */ = {
			isa = PBXNativeTarget;
			buildConfigurationList = 87FE47AB2804578E00A28D06 /* Build configuration list for PBXNativeTarget "YummieUITests" */;
			buildPhases = (
				87FE47972804578E00A28D06 /* Sources */,
				87FE47982804578E00A28D06 /* Frameworks */,
				87FE47992804578E00A28D06 /* Resources */,
			);
			buildRules = (
			);
			dependencies = (
				87FE479D2804578E00A28D06 /* PBXTargetDependency */,
			);
			name = YummieUITests;
			productName = YummieUITests;
			productReference = 87FE479B2804578E00A28D06 /* YummieUITests.xctest */;
			productType = "com.apple.product-type.bundle.ui-testing";
		};
/* End PBXNativeTarget section */

/* Begin PBXProject section */
		87FE47732804578C00A28D06 /* Project object */ = {
			isa = PBXProject;
			attributes = {
				BuildIndependentTargetsInParallel = 1;
				LastSwiftUpdateCheck = 1320;
				LastUpgradeCheck = 1320;
				TargetAttributes = {
					87FE477A2804578C00A28D06 = {
						CreatedOnToolsVersion = 13.2.1;
					};
					87FE47902804578E00A28D06 = {
						CreatedOnToolsVersion = 13.2.1;
						TestTargetID = 87FE477A2804578C00A28D06;
					};
					87FE479A2804578E00A28D06 = {
						CreatedOnToolsVersion = 13.2.1;
						TestTargetID = 87FE477A2804578C00A28D06;
					};
				};
			};
			buildConfigurationList = 87FE47762804578C00A28D06 /* Build configuration list for PBXProject "Yummie" */;
			compatibilityVersion = "Xcode 13.0";
			developmentRegion = en;
			hasScannedForEncodings = 0;
			knownRegions = (
				en,
				Base,
			);
			mainGroup = 87FE47722804578C00A28D06;
			productRefGroup = 87FE477C2804578C00A28D06 /* Products */;
			projectDirPath = "";
			projectRoot = "";
			targets = (
				87FE477A2804578C00A28D06 /* Yummie */,
				87FE47902804578E00A28D06 /* YummieTests */,
				87FE479A2804578E00A28D06 /* YummieUITests */,
			);
		};
/* End PBXProject section */

/* Begin PBXResourcesBuildPhase section */
		87FE47792804578C00A28D06 /* Resources */ = {
			isa = PBXResourcesBuildPhase;
			buildActionMask = 2147483647;
			files = (
				87FE478B2804578E00A28D06 /* LaunchScreen.storyboard in Resources */,
				87FE47882804578E00A28D06 /* Assets.xcassets in Resources */,
			);
			runOnlyForDeploymentPostprocessing = 0;
		};
		87FE478F2804578E00A28D06 /* Resources */ = {
			isa = PBXResourcesBuildPhase;
			buildActionMask = 2147483647;
			files = (
			);
			runOnlyForDeploymentPostprocessing = 0;
		};
		87FE47992804578E00A28D06 /* Resources */ = {
			isa = PBXResourcesBuildPhase;
			buildActionMask = 2147483647;
			files = (
			);
			runOnlyForDeploymentPostprocessing = 0;
		};
/* End PBXResourcesBuildPhase section */

/* Begin PBXSourcesBuildPhase section */
		87FE47772804578C00A28D06 /* Sources */ = {
			isa = PBXSourcesBuildPhase;
			buildActionMask = 2147483647;
			files = (
				87FE47832804578C00A28D06 /* HomeViewController.swift in Sources */,
				87FE47B528045B2900A28D06 /* HomeView.swift in Sources */,
				87202F6D28049A7C005D63E3 /* OnboardingViewController.swift in Sources */,
				87202F6F28049AC6005D63E3 /* OnboardingView.swift in Sources */,
				87FE477F2804578C00A28D06 /* AppDelegate.swift in Sources */,
				87202F7228049B19005D63E3 /* ViewConfiguration.swift in Sources */,
				87202F782804A61E005D63E3 /* OnboardingCollectionViewTemplate.swift in Sources */,
				87202F762804A4D2005D63E3 /* OnboardingSlide.swift in Sources */,
				87FE47812804578C00A28D06 /* SceneDelegate.swift in Sources */,
			);
			runOnlyForDeploymentPostprocessing = 0;
		};
		87FE478D2804578E00A28D06 /* Sources */ = {
			isa = PBXSourcesBuildPhase;
			buildActionMask = 2147483647;
			files = (
				87FE47962804578E00A28D06 /* YummieTests.swift in Sources */,
			);
			runOnlyForDeploymentPostprocessing = 0;
		};
		87FE47972804578E00A28D06 /* Sources */ = {
			isa = PBXSourcesBuildPhase;
			buildActionMask = 2147483647;
			files = (
				87FE47A22804578E00A28D06 /* YummieUITestsLaunchTests.swift in Sources */,
				87FE47A02804578E00A28D06 /* YummieUITests.swift in Sources */,
			);
			runOnlyForDeploymentPostprocessing = 0;
		};
/* End PBXSourcesBuildPhase section */

/* Begin PBXTargetDependency section */
		87FE47932804578E00A28D06 /* PBXTargetDependency */ = {
			isa = PBXTargetDependency;
			target = 87FE477A2804578C00A28D06 /* Yummie */;
			targetProxy = 87FE47922804578E00A28D06 /* PBXContainerItemProxy */;
		};
		87FE479D2804578E00A28D06 /* PBXTargetDependency */ = {
			isa = PBXTargetDependency;
			target = 87FE477A2804578C00A28D06 /* Yummie */;
			targetProxy = 87FE479C2804578E00A28D06 /* PBXContainerItemProxy */;
		};
/* End PBXTargetDependency section */

/* Begin PBXVariantGroup section */
		87FE47892804578E00A28D06 /* LaunchScreen.storyboard */ = {
			isa = PBXVariantGroup;
			children = (
				87FE478A2804578E00A28D06 /* Base */,
			);
			name = LaunchScreen.storyboard;
			sourceTree = "<group>";
		};
/* End PBXVariantGroup section */

/* Begin XCBuildConfiguration section */
		87FE47A32804578E00A28D06 /* Debug */ = {
			isa = XCBuildConfiguration;
			buildSettings = {
				ALWAYS_SEARCH_USER_PATHS = NO;
				CLANG_ANALYZER_NONNULL = YES;
				CLANG_ANALYZER_NUMBER_OBJECT_CONVERSION = YES_AGGRESSIVE;
				CLANG_CXX_LANGUAGE_STANDARD = "gnu++17";
				CLANG_CXX_LIBRARY = "libc++";
				CLANG_ENABLE_MODULES = YES;
				CLANG_ENABLE_OBJC_ARC = YES;
				CLANG_ENABLE_OBJC_WEAK = YES;
				CLANG_WARN_BLOCK_CAPTURE_AUTORELEASING = YES;
				CLANG_WARN_BOOL_CONVERSION = YES;
				CLANG_WARN_COMMA = YES;
				CLANG_WARN_CONSTANT_CONVERSION = YES;
				CLANG_WARN_DEPRECATED_OBJC_IMPLEMENTATIONS = YES;
				CLANG_WARN_DIRECT_OBJC_ISA_USAGE = YES_ERROR;
				CLANG_WARN_DOCUMENTATION_COMMENTS = YES;
				CLANG_WARN_EMPTY_BODY = YES;
				CLANG_WARN_ENUM_CONVERSION = YES;
				CLANG_WARN_INFINITE_RECURSION = YES;
				CLANG_WARN_INT_CONVERSION = YES;
				CLANG_WARN_NON_LITERAL_NULL_CONVERSION = YES;
				CLANG_WARN_OBJC_IMPLICIT_RETAIN_SELF = YES;
				CLANG_WARN_OBJC_LITERAL_CONVERSION = YES;
				CLANG_WARN_OBJC_ROOT_CLASS = YES_ERROR;
				CLANG_WARN_QUOTED_INCLUDE_IN_FRAMEWORK_HEADER = YES;
				CLANG_WARN_RANGE_LOOP_ANALYSIS = YES;
				CLANG_WARN_STRICT_PROTOTYPES = YES;
				CLANG_WARN_SUSPICIOUS_MOVE = YES;
				CLANG_WARN_UNGUARDED_AVAILABILITY = YES_AGGRESSIVE;
				CLANG_WARN_UNREACHABLE_CODE = YES;
				CLANG_WARN__DUPLICATE_METHOD_MATCH = YES;
				COPY_PHASE_STRIP = NO;
				DEBUG_INFORMATION_FORMAT = dwarf;
				ENABLE_STRICT_OBJC_MSGSEND = YES;
				ENABLE_TESTABILITY = YES;
				GCC_C_LANGUAGE_STANDARD = gnu11;
				GCC_DYNAMIC_NO_PIC = NO;
				GCC_NO_COMMON_BLOCKS = YES;
				GCC_OPTIMIZATION_LEVEL = 0;
				GCC_PREPROCESSOR_DEFINITIONS = (
					"DEBUG=1",
					"$(inherited)",
				);
				GCC_WARN_64_TO_32_BIT_CONVERSION = YES;
				GCC_WARN_ABOUT_RETURN_TYPE = YES_ERROR;
				GCC_WARN_UNDECLARED_SELECTOR = YES;
				GCC_WARN_UNINITIALIZED_AUTOS = YES_AGGRESSIVE;
				GCC_WARN_UNUSED_FUNCTION = YES;
				GCC_WARN_UNUSED_VARIABLE = YES;
				IPHONEOS_DEPLOYMENT_TARGET = 15.2;
				MTL_ENABLE_DEBUG_INFO = INCLUDE_SOURCE;
				MTL_FAST_MATH = YES;
				ONLY_ACTIVE_ARCH = YES;
				SDKROOT = iphoneos;
				SWIFT_ACTIVE_COMPILATION_CONDITIONS = DEBUG;
				SWIFT_OPTIMIZATION_LEVEL = "-Onone";
			};
			name = Debug;
		};
		87FE47A42804578E00A28D06 /* Release */ = {
			isa = XCBuildConfiguration;
			buildSettings = {
				ALWAYS_SEARCH_USER_PATHS = NO;
				CLANG_ANALYZER_NONNULL = YES;
				CLANG_ANALYZER_NUMBER_OBJECT_CONVERSION = YES_AGGRESSIVE;
				CLANG_CXX_LANGUAGE_STANDARD = "gnu++17";
				CLANG_CXX_LIBRARY = "libc++";
				CLANG_ENABLE_MODULES = YES;
				CLANG_ENABLE_OBJC_ARC = YES;
				CLANG_ENABLE_OBJC_WEAK = YES;
				CLANG_WARN_BLOCK_CAPTURE_AUTORELEASING = YES;
				CLANG_WARN_BOOL_CONVERSION = YES;
				CLANG_WARN_COMMA = YES;
				CLANG_WARN_CONSTANT_CONVERSION = YES;
				CLANG_WARN_DEPRECATED_OBJC_IMPLEMENTATIONS = YES;
				CLANG_WARN_DIRECT_OBJC_ISA_USAGE = YES_ERROR;
				CLANG_WARN_DOCUMENTATION_COMMENTS = YES;
				CLANG_WARN_EMPTY_BODY = YES;
				CLANG_WARN_ENUM_CONVERSION = YES;
				CLANG_WARN_INFINITE_RECURSION = YES;
				CLANG_WARN_INT_CONVERSION = YES;
				CLANG_WARN_NON_LITERAL_NULL_CONVERSION = YES;
				CLANG_WARN_OBJC_IMPLICIT_RETAIN_SELF = YES;
				CLANG_WARN_OBJC_LITERAL_CONVERSION = YES;
				CLANG_WARN_OBJC_ROOT_CLASS = YES_ERROR;
				CLANG_WARN_QUOTED_INCLUDE_IN_FRAMEWORK_HEADER = YES;
				CLANG_WARN_RANGE_LOOP_ANALYSIS = YES;
				CLANG_WARN_STRICT_PROTOTYPES = YES;
				CLANG_WARN_SUSPICIOUS_MOVE = YES;
				CLANG_WARN_UNGUARDED_AVAILABILITY = YES_AGGRESSIVE;
				CLANG_WARN_UNREACHABLE_CODE = YES;
				CLANG_WARN__DUPLICATE_METHOD_MATCH = YES;
				COPY_PHASE_STRIP = NO;
				DEBUG_INFORMATION_FORMAT = "dwarf-with-dsym";
				ENABLE_NS_ASSERTIONS = NO;
				ENABLE_STRICT_OBJC_MSGSEND = YES;
				GCC_C_LANGUAGE_STANDARD = gnu11;
				GCC_NO_COMMON_BLOCKS = YES;
				GCC_WARN_64_TO_32_BIT_CONVERSION = YES;
				GCC_WARN_ABOUT_RETURN_TYPE = YES_ERROR;
				GCC_WARN_UNDECLARED_SELECTOR = YES;
				GCC_WARN_UNINITIALIZED_AUTOS = YES_AGGRESSIVE;
				GCC_WARN_UNUSED_FUNCTION = YES;
				GCC_WARN_UNUSED_VARIABLE = YES;
				IPHONEOS_DEPLOYMENT_TARGET = 15.2;
				MTL_ENABLE_DEBUG_INFO = NO;
				MTL_FAST_MATH = YES;
				SDKROOT = iphoneos;
				SWIFT_COMPILATION_MODE = wholemodule;
				SWIFT_OPTIMIZATION_LEVEL = "-O";
				VALIDATE_PRODUCT = YES;
			};
			name = Release;
		};
		87FE47A62804578E00A28D06 /* Debug */ = {
			isa = XCBuildConfiguration;
			buildSettings = {
				ASSETCATALOG_COMPILER_APPICON_NAME = AppIcon;
				ASSETCATALOG_COMPILER_GLOBAL_ACCENT_COLOR_NAME = AccentColor;
				CODE_SIGN_STYLE = Automatic;
				CURRENT_PROJECT_VERSION = 1;
				GENERATE_INFOPLIST_FILE = YES;
				INFOPLIST_FILE = Yummie/Info.plist;
				INFOPLIST_KEY_UIApplicationSupportsIndirectInputEvents = YES;
				INFOPLIST_KEY_UILaunchStoryboardName = LaunchScreen;
				INFOPLIST_KEY_UISupportedInterfaceOrientations_iPad = "UIInterfaceOrientationPortrait UIInterfaceOrientationPortraitUpsideDown UIInterfaceOrientationLandscapeLeft UIInterfaceOrientationLandscapeRight";
				INFOPLIST_KEY_UISupportedInterfaceOrientations_iPhone = "UIInterfaceOrientationPortrait UIInterfaceOrientationLandscapeLeft UIInterfaceOrientationLandscapeRight";
				LD_RUNPATH_SEARCH_PATHS = (
					"$(inherited)",
					"@executable_path/Frameworks",
				);
				MARKETING_VERSION = 1.0;
				PRODUCT_BUNDLE_IDENTIFIER = com.AndersonOliveira.Yummie;
				PRODUCT_NAME = "$(TARGET_NAME)";
				SWIFT_EMIT_LOC_STRINGS = YES;
				SWIFT_VERSION = 5.0;
				TARGETED_DEVICE_FAMILY = "1,2";
			};
			name = Debug;
		};
		87FE47A72804578E00A28D06 /* Release */ = {
			isa = XCBuildConfiguration;
			buildSettings = {
				ASSETCATALOG_COMPILER_APPICON_NAME = AppIcon;
				ASSETCATALOG_COMPILER_GLOBAL_ACCENT_COLOR_NAME = AccentColor;
				CODE_SIGN_STYLE = Automatic;
				CURRENT_PROJECT_VERSION = 1;
				GENERATE_INFOPLIST_FILE = YES;
				INFOPLIST_FILE = Yummie/Info.plist;
				INFOPLIST_KEY_UIApplicationSupportsIndirectInputEvents = YES;
				INFOPLIST_KEY_UILaunchStoryboardName = LaunchScreen;
				INFOPLIST_KEY_UISupportedInterfaceOrientations_iPad = "UIInterfaceOrientationPortrait UIInterfaceOrientationPortraitUpsideDown UIInterfaceOrientationLandscapeLeft UIInterfaceOrientationLandscapeRight";
				INFOPLIST_KEY_UISupportedInterfaceOrientations_iPhone = "UIInterfaceOrientationPortrait UIInterfaceOrientationLandscapeLeft UIInterfaceOrientationLandscapeRight";
				LD_RUNPATH_SEARCH_PATHS = (
					"$(inherited)",
					"@executable_path/Frameworks",
				);
				MARKETING_VERSION = 1.0;
				PRODUCT_BUNDLE_IDENTIFIER = com.AndersonOliveira.Yummie;
				PRODUCT_NAME = "$(TARGET_NAME)";
				SWIFT_EMIT_LOC_STRINGS = YES;
				SWIFT_VERSION = 5.0;
				TARGETED_DEVICE_FAMILY = "1,2";
			};
			name = Release;
		};
		87FE47A92804578E00A28D06 /* Debug */ = {
			isa = XCBuildConfiguration;
			buildSettings = {
				ALWAYS_EMBED_SWIFT_STANDARD_LIBRARIES = YES;
				BUNDLE_LOADER = "$(TEST_HOST)";
				CODE_SIGN_STYLE = Automatic;
				CURRENT_PROJECT_VERSION = 1;
				GENERATE_INFOPLIST_FILE = YES;
				IPHONEOS_DEPLOYMENT_TARGET = 15.2;
				MARKETING_VERSION = 1.0;
				PRODUCT_BUNDLE_IDENTIFIER = com.AndersonOliveira.YummieTests;
				PRODUCT_NAME = "$(TARGET_NAME)";
				SWIFT_EMIT_LOC_STRINGS = NO;
				SWIFT_VERSION = 5.0;
				TARGETED_DEVICE_FAMILY = "1,2";
				TEST_HOST = "$(BUILT_PRODUCTS_DIR)/Yummie.app/Yummie";
			};
			name = Debug;
		};
		87FE47AA2804578E00A28D06 /* Release */ = {
			isa = XCBuildConfiguration;
			buildSettings = {
				ALWAYS_EMBED_SWIFT_STANDARD_LIBRARIES = YES;
				BUNDLE_LOADER = "$(TEST_HOST)";
				CODE_SIGN_STYLE = Automatic;
				CURRENT_PROJECT_VERSION = 1;
				GENERATE_INFOPLIST_FILE = YES;
				IPHONEOS_DEPLOYMENT_TARGET = 15.2;
				MARKETING_VERSION = 1.0;
				PRODUCT_BUNDLE_IDENTIFIER = com.AndersonOliveira.YummieTests;
				PRODUCT_NAME = "$(TARGET_NAME)";
				SWIFT_EMIT_LOC_STRINGS = NO;
				SWIFT_VERSION = 5.0;
				TARGETED_DEVICE_FAMILY = "1,2";
				TEST_HOST = "$(BUILT_PRODUCTS_DIR)/Yummie.app/Yummie";
			};
			name = Release;
		};
		87FE47AC2804578E00A28D06 /* Debug */ = {
			isa = XCBuildConfiguration;
			buildSettings = {
				ALWAYS_EMBED_SWIFT_STANDARD_LIBRARIES = YES;
				CODE_SIGN_STYLE = Automatic;
				CURRENT_PROJECT_VERSION = 1;
				GENERATE_INFOPLIST_FILE = YES;
				MARKETING_VERSION = 1.0;
				PRODUCT_BUNDLE_IDENTIFIER = com.AndersonOliveira.YummieUITests;
				PRODUCT_NAME = "$(TARGET_NAME)";
				SWIFT_EMIT_LOC_STRINGS = NO;
				SWIFT_VERSION = 5.0;
				TARGETED_DEVICE_FAMILY = "1,2";
				TEST_TARGET_NAME = Yummie;
			};
			name = Debug;
		};
		87FE47AD2804578E00A28D06 /* Release */ = {
			isa = XCBuildConfiguration;
			buildSettings = {
				ALWAYS_EMBED_SWIFT_STANDARD_LIBRARIES = YES;
				CODE_SIGN_STYLE = Automatic;
				CURRENT_PROJECT_VERSION = 1;
				GENERATE_INFOPLIST_FILE = YES;
				MARKETING_VERSION = 1.0;
				PRODUCT_BUNDLE_IDENTIFIER = com.AndersonOliveira.YummieUITests;
				PRODUCT_NAME = "$(TARGET_NAME)";
				SWIFT_EMIT_LOC_STRINGS = NO;
				SWIFT_VERSION = 5.0;
				TARGETED_DEVICE_FAMILY = "1,2";
				TEST_TARGET_NAME = Yummie;
			};
			name = Release;
		};
/* End XCBuildConfiguration section */

/* Begin XCConfigurationList section */
		87FE47762804578C00A28D06 /* Build configuration list for PBXProject "Yummie" */ = {
			isa = XCConfigurationList;
			buildConfigurations = (
				87FE47A32804578E00A28D06 /* Debug */,
				87FE47A42804578E00A28D06 /* Release */,
			);
			defaultConfigurationIsVisible = 0;
			defaultConfigurationName = Release;
		};
		87FE47A52804578E00A28D06 /* Build configuration list for PBXNativeTarget "Yummie" */ = {
			isa = XCConfigurationList;
			buildConfigurations = (
				87FE47A62804578E00A28D06 /* Debug */,
				87FE47A72804578E00A28D06 /* Release */,
			);
			defaultConfigurationIsVisible = 0;
			defaultConfigurationName = Release;
		};
		87FE47A82804578E00A28D06 /* Build configuration list for PBXNativeTarget "YummieTests" */ = {
			isa = XCConfigurationList;
			buildConfigurations = (
				87FE47A92804578E00A28D06 /* Debug */,
				87FE47AA2804578E00A28D06 /* Release */,
			);
			defaultConfigurationIsVisible = 0;
			defaultConfigurationName = Release;
		};
		87FE47AB2804578E00A28D06 /* Build configuration list for PBXNativeTarget "YummieUITests" */ = {
			isa = XCConfigurationList;
			buildConfigurations = (
				87FE47AC2804578E00A28D06 /* Debug */,
				87FE47AD2804578E00A28D06 /* Release */,
			);
			defaultConfigurationIsVisible = 0;
			defaultConfigurationName = Release;
		};
/* End XCConfigurationList section */
	};
	rootObject = 87FE47732804578C00A28D06 /* Project object */;
}
